// !$*UTF8*$!
{
	archiveVersion = 1;
	classes = {
	};
	objectVersion = 77;
	objects = {

/* Begin PBXBuildFile section */
		3B3E70DE2D9C05E900A18A90 /* CSVManager.swift in Sources */ = {isa = PBXBuildFile; fileRef = 3B3E70DD2D9C05E400A18A90 /* CSVManager.swift */; };
		3B5C5DAC2DB67C240017B597 /* ChugumiManager.swift in Sources */ = {isa = PBXBuildFile; fileRef = 3B5C5DAB2DB67C220017B597 /* ChugumiManager.swift */; };
		3B5C5DAF2DB67C540017B597 /* ChugumiActionEntity+CoreDataClass.swift in Sources */ = {isa = PBXBuildFile; fileRef = 3B5C5DAD2DB67C540017B597 /* ChugumiActionEntity+CoreDataClass.swift */; };
		3B5C5DB02DB67C540017B597 /* ChugumiActionEntity+CoreDataProperties.swift in Sources */ = {isa = PBXBuildFile; fileRef = 3B5C5DAE2DB67C540017B597 /* ChugumiActionEntity+CoreDataProperties.swift */; };
		3B5C5DB22DB67DBC0017B597 /* ChallengeTabView.swift in Sources */ = {isa = PBXBuildFile; fileRef = 3B5C5DB12DB67DBB0017B597 /* ChallengeTabView.swift */; };
		3B5C5DB42DB686B30017B597 /* ChugumiBunnyButton.swift in Sources */ = {isa = PBXBuildFile; fileRef = 3B5C5DB32DB686B10017B597 /* ChugumiBunnyButton.swift */; };
		3B6CEE552D9C272D002E9672 /* AppDelegate.swift in Sources */ = {isa = PBXBuildFile; fileRef = 3B6CEE542D9C2728002E9672 /* AppDelegate.swift */; };
		3BD27DED2DB529770077BE02 /* MappingModel.xcmappingmodel in Sources */ = {isa = PBXBuildFile; fileRef = 3BD27DEC2DB529770077BE02 /* MappingModel.xcmappingmodel */; };
		3BD27DEF2DB52A730077BE02 /* TaskEntity+CoreDataProperties.swift in Sources */ = {isa = PBXBuildFile; fileRef = 3BD27DEE2DB52A730077BE02 /* TaskEntity+CoreDataProperties.swift */; };
		3BD27DF12DB52B180077BE02 /* MainTodoView+Today.swift in Sources */ = {isa = PBXBuildFile; fileRef = 3BD27DF02DB52B160077BE02 /* MainTodoView+Today.swift */; };
		3BD27DF32DB543CD0077BE02 /* TodayQueueManager.swift in Sources */ = {isa = PBXBuildFile; fileRef = 3BD27DF22DB543C60077BE02 /* TodayQueueManager.swift */; };
		3BF6A96D2D992B4D008BCDE0 /* refactor_project_structure.sh in Resources */ = {isa = PBXBuildFile; fileRef = 3BF6A96C2D992B44008BCDE0 /* refactor_project_structure.sh */; };
		3BF6AA022D9931D9008BCDE0 /* RedemptionEntity+CoreDataProperties.swift in Sources */ = {isa = PBXBuildFile; fileRef = 3BF6A9DE2D9931D9008BCDE0 /* RedemptionEntity+CoreDataProperties.swift */; };
		3BF6AA032D9931D9008BCDE0 /* Model.swift in Sources */ = {isa = PBXBuildFile; fileRef = 3BF6A9E62D9931D9008BCDE0 /* Model.swift */; };
		3BF6AA042D9931D9008BCDE0 /* JjingToDoApp.swift in Sources */ = {isa = PBXBuildFile; fileRef = 3BF6A9D72D9931D9008BCDE0 /* JjingToDoApp.swift */; };
		3BF6AA052D9931D9008BCDE0 /* UserEntity+CoreDataProperties.swift in Sources */ = {isa = PBXBuildFile; fileRef = 3BF6A9EA2D9931D9008BCDE0 /* UserEntity+CoreDataProperties.swift */; };
		3BF6AA062D9931D9008BCDE0 /* RewardListView.swift in Sources */ = {isa = PBXBuildFile; fileRef = 3BF6A9FE2D9931D9008BCDE0 /* RewardListView.swift */; };
		3BF6AA072D9931D9008BCDE0 /* UserEntity+CoreDataClass.swift in Sources */ = {isa = PBXBuildFile; fileRef = 3BF6A9E92D9931D9008BCDE0 /* UserEntity+CoreDataClass.swift */; };
		3BF6AA082D9931D9008BCDE0 /* RedemptionEntity+Extensions.swift in Sources */ = {isa = PBXBuildFile; fileRef = 3BF6A9DF2D9931D9008BCDE0 /* RedemptionEntity+Extensions.swift */; };
		3BF6AA092D9931D9008BCDE0 /* DebugToolView.swift in Sources */ = {isa = PBXBuildFile; fileRef = 3BF6A9FC2D9931D9008BCDE0 /* DebugToolView.swift */; };
		3BF6AA0A2D9931D9008BCDE0 /* TaskEntity+CoreDataClass.swift in Sources */ = {isa = PBXBuildFile; fileRef = 3BF6A9E72D9931D9008BCDE0 /* TaskEntity+CoreDataClass.swift */; };
		3BF6AA0B2D9931D9008BCDE0 /* AddRewardView.swift in Sources */ = {isa = PBXBuildFile; fileRef = 3BF6A9FA2D9931D9008BCDE0 /* AddRewardView.swift */; };
		3BF6AA0E2D9931D9008BCDE0 /* MainTodoView.swift in Sources */ = {isa = PBXBuildFile; fileRef = 3BF6A9FD2D9931D9008BCDE0 /* MainTodoView.swift */; };
		3BF6AA0F2D9931D9008BCDE0 /* Persistence.swift in Sources */ = {isa = PBXBuildFile; fileRef = 3BF6A9E42D9931D9008BCDE0 /* Persistence.swift */; };
		3BF6AA102D9931D9008BCDE0 /* TaskEntity+Extensions.swift in Sources */ = {isa = PBXBuildFile; fileRef = 3BF6A9E22D9931D9008BCDE0 /* TaskEntity+Extensions.swift */; };
		3BF6AA112D9931D9008BCDE0 /* TaskEntity+CoreDataProperties.swift in Sources */ = {isa = PBXBuildFile; fileRef = 3BF6A9E82D9931D9008BCDE0 /* TaskEntity+CoreDataProperties.swift */; };
		3BF6AA122D9931D9008BCDE0 /* DataModel.xcdatamodeld in Sources */ = {isa = PBXBuildFile; fileRef = 3BF6A9F22D9931D9008BCDE0 /* DataModel.xcdatamodeld */; };
		3BF6AA132D9931D9008BCDE0 /* RedemptionHistoryView.swift in Sources */ = {isa = PBXBuildFile; fileRef = 3BF6A9E02D9931D9008BCDE0 /* RedemptionHistoryView.swift */; };
		3BF6AA152D9931D9008BCDE0 /* RedemptionEntity+CoreDataClass.swift in Sources */ = {isa = PBXBuildFile; fileRef = 3BF6A9DD2D9931D9008BCDE0 /* RedemptionEntity+CoreDataClass.swift */; };
		3BF6AA162D9931D9008BCDE0 /* ContentView.swift in Sources */ = {isa = PBXBuildFile; fileRef = 3BF6A9FB2D9931D9008BCDE0 /* ContentView.swift */; };
		3BF6AA172D9931D9008BCDE0 /* WORKLOG.md in Resources */ = {isa = PBXBuildFile; fileRef = 3BF6AA002D9931D9008BCDE0 /* WORKLOG.md */; };
		3BF6AA182D9931D9008BCDE0 /* Assets.xcassets in Resources */ = {isa = PBXBuildFile; fileRef = 3BF6A9F12D9931D9008BCDE0 /* Assets.xcassets */; };
		3BF6AA192D9931D9008BCDE0 /* playstore.png in Resources */ = {isa = PBXBuildFile; fileRef = 3BF6A9DB2D9931D9008BCDE0 /* playstore.png */; };
		3BF6AA1A2D9931D9008BCDE0 /* appstore.png in Resources */ = {isa = PBXBuildFile; fileRef = 3BF6A9D92D9931D9008BCDE0 /* appstore.png */; };
		3BF6AA1B2D9931D9008BCDE0 /* Preview Assets.xcassets in Resources */ = {isa = PBXBuildFile; fileRef = 3BF6A9EC2D9931D9008BCDE0 /* Preview Assets.xcassets */; };
		3BF6AA202D993638008BCDE0 /* Preview.swift in Sources */ = {isa = PBXBuildFile; fileRef = 3BF6AA1F2D993634008BCDE0 /* Preview.swift */; };
/* End PBXBuildFile section */

/* Begin PBXContainerItemProxy section */
		3BBD78992D993A9700FC39E3 /* PBXContainerItemProxy */ = {
			isa = PBXContainerItemProxy;
			containerPortal = 3BD1D99E2D91513C00F25096 /* Project object */;
			proxyType = 1;
			remoteGlobalIDString = 3BD1D9A52D91513C00F25096;
			remoteInfo = JjingToDo;
		};
/* End PBXContainerItemProxy section */

/* Begin PBXCopyFilesBuildPhase section */
		3B160FD72D993826003F525D /* Embed Foundation Extensions */ = {
			isa = PBXCopyFilesBuildPhase;
			buildActionMask = 2147483647;
			dstPath = "";
			dstSubfolderSpec = 13;
			files = (
			);
			name = "Embed Foundation Extensions";
			runOnlyForDeploymentPostprocessing = 0;
		};
/* End PBXCopyFilesBuildPhase section */

/* Begin PBXFileReference section */
		3B0B58572D918821003DA611 /* JjingToDo.xcodeproj */ = {isa = PBXFileReference; lastKnownFileType = "wrapper.pb-project"; path = JjingToDo.xcodeproj; sourceTree = SOURCE_ROOT; };
		3B160FC92D993826003F525D /* UserNotifications.framework */ = {isa = PBXFileReference; lastKnownFileType = wrapper.framework; name = UserNotifications.framework; path = System/Library/Frameworks/UserNotifications.framework; sourceTree = SDKROOT; };
		3B160FCB2D993826003F525D /* UserNotificationsUI.framework */ = {isa = PBXFileReference; lastKnownFileType = wrapper.framework; name = UserNotificationsUI.framework; path = System/Library/Frameworks/UserNotificationsUI.framework; sourceTree = SDKROOT; };
		3B3E70DD2D9C05E400A18A90 /* CSVManager.swift */ = {isa = PBXFileReference; lastKnownFileType = sourcecode.swift; path = CSVManager.swift; sourceTree = "<group>"; };
		3B5C5DAB2DB67C220017B597 /* ChugumiManager.swift */ = {isa = PBXFileReference; lastKnownFileType = sourcecode.swift; path = ChugumiManager.swift; sourceTree = "<group>"; };
		3B5C5DAD2DB67C540017B597 /* ChugumiActionEntity+CoreDataClass.swift */ = {isa = PBXFileReference; lastKnownFileType = sourcecode.swift; path = "ChugumiActionEntity+CoreDataClass.swift"; sourceTree = "<group>"; };
		3B5C5DAE2DB67C540017B597 /* ChugumiActionEntity+CoreDataProperties.swift */ = {isa = PBXFileReference; lastKnownFileType = sourcecode.swift; path = "ChugumiActionEntity+CoreDataProperties.swift"; sourceTree = "<group>"; };
		3B5C5DB12DB67DBB0017B597 /* ChallengeTabView.swift */ = {isa = PBXFileReference; lastKnownFileType = sourcecode.swift; path = ChallengeTabView.swift; sourceTree = "<group>"; };
		3B5C5DB32DB686B10017B597 /* ChugumiBunnyButton.swift */ = {isa = PBXFileReference; lastKnownFileType = sourcecode.swift; path = ChugumiBunnyButton.swift; sourceTree = "<group>"; };
		3B6CEE542D9C2728002E9672 /* AppDelegate.swift */ = {isa = PBXFileReference; lastKnownFileType = sourcecode.swift; path = AppDelegate.swift; sourceTree = "<group>"; };
		3BBD78932D993A9700FC39E3 /* JjingToDoUITests.xctest */ = {isa = PBXFileReference; explicitFileType = wrapper.cfbundle; includeInIndex = 0; path = JjingToDoUITests.xctest; sourceTree = BUILT_PRODUCTS_DIR; };
		3BD1D9A62D91513C00F25096 /* JjingToDo.app */ = {isa = PBXFileReference; explicitFileType = wrapper.application; includeInIndex = 0; path = JjingToDo.app; sourceTree = BUILT_PRODUCTS_DIR; };
		3BD27DE92DB5289C0077BE02 /* DataModel 2.xcdatamodel */ = {isa = PBXFileReference; lastKnownFileType = wrapper.xcdatamodel; path = "DataModel 2.xcdatamodel"; sourceTree = "<group>"; };
		3BD27DEC2DB529770077BE02 /* MappingModel.xcmappingmodel */ = {isa = PBXFileReference; lastKnownFileType = wrapper.xcmappingmodel; path = MappingModel.xcmappingmodel; sourceTree = "<group>"; };
		3BD27DEE2DB52A730077BE02 /* TaskEntity+CoreDataProperties.swift */ = {isa = PBXFileReference; lastKnownFileType = sourcecode.swift; path = "TaskEntity+CoreDataProperties.swift"; sourceTree = "<group>"; };
		3BD27DF02DB52B160077BE02 /* MainTodoView+Today.swift */ = {isa = PBXFileReference; lastKnownFileType = sourcecode.swift; path = "MainTodoView+Today.swift"; sourceTree = "<group>"; };
		3BD27DF22DB543C60077BE02 /* TodayQueueManager.swift */ = {isa = PBXFileReference; lastKnownFileType = sourcecode.swift; path = TodayQueueManager.swift; sourceTree = "<group>"; };
		3BF6A96C2D992B44008BCDE0 /* refactor_project_structure.sh */ = {isa = PBXFileReference; lastKnownFileType = text.script.sh; path = refactor_project_structure.sh; sourceTree = "<group>"; };
		3BF6A9D72D9931D9008BCDE0 /* JjingToDoApp.swift */ = {isa = PBXFileReference; lastKnownFileType = sourcecode.swift; path = JjingToDoApp.swift; sourceTree = "<group>"; };
		3BF6A9D92D9931D9008BCDE0 /* appstore.png */ = {isa = PBXFileReference; lastKnownFileType = image.png; path = appstore.png; sourceTree = "<group>"; };
		3BF6A9DB2D9931D9008BCDE0 /* playstore.png */ = {isa = PBXFileReference; lastKnownFileType = image.png; path = playstore.png; sourceTree = "<group>"; };
		3BF6A9DD2D9931D9008BCDE0 /* RedemptionEntity+CoreDataClass.swift */ = {isa = PBXFileReference; lastKnownFileType = sourcecode.swift; path = "RedemptionEntity+CoreDataClass.swift"; sourceTree = "<group>"; };
		3BF6A9DE2D9931D9008BCDE0 /* RedemptionEntity+CoreDataProperties.swift */ = {isa = PBXFileReference; lastKnownFileType = sourcecode.swift; path = "RedemptionEntity+CoreDataProperties.swift"; sourceTree = "<group>"; };
		3BF6A9DF2D9931D9008BCDE0 /* RedemptionEntity+Extensions.swift */ = {isa = PBXFileReference; lastKnownFileType = sourcecode.swift; path = "RedemptionEntity+Extensions.swift"; sourceTree = "<group>"; };
		3BF6A9E02D9931D9008BCDE0 /* RedemptionHistoryView.swift */ = {isa = PBXFileReference; lastKnownFileType = sourcecode.swift; path = RedemptionHistoryView.swift; sourceTree = "<group>"; };
		3BF6A9E22D9931D9008BCDE0 /* TaskEntity+Extensions.swift */ = {isa = PBXFileReference; lastKnownFileType = sourcecode.swift; path = "TaskEntity+Extensions.swift"; sourceTree = "<group>"; };
		3BF6A9E42D9931D9008BCDE0 /* Persistence.swift */ = {isa = PBXFileReference; lastKnownFileType = sourcecode.swift; path = Persistence.swift; sourceTree = "<group>"; };
		3BF6A9E62D9931D9008BCDE0 /* Model.swift */ = {isa = PBXFileReference; lastKnownFileType = sourcecode.swift; path = Model.swift; sourceTree = "<group>"; };
		3BF6A9E72D9931D9008BCDE0 /* TaskEntity+CoreDataClass.swift */ = {isa = PBXFileReference; lastKnownFileType = sourcecode.swift; path = "TaskEntity+CoreDataClass.swift"; sourceTree = "<group>"; };
		3BF6A9E82D9931D9008BCDE0 /* TaskEntity+CoreDataProperties.swift */ = {isa = PBXFileReference; lastKnownFileType = sourcecode.swift; path = "TaskEntity+CoreDataProperties.swift"; sourceTree = "<group>"; };
		3BF6A9E92D9931D9008BCDE0 /* UserEntity+CoreDataClass.swift */ = {isa = PBXFileReference; lastKnownFileType = sourcecode.swift; path = "UserEntity+CoreDataClass.swift"; sourceTree = "<group>"; };
		3BF6A9EA2D9931D9008BCDE0 /* UserEntity+CoreDataProperties.swift */ = {isa = PBXFileReference; lastKnownFileType = sourcecode.swift; path = "UserEntity+CoreDataProperties.swift"; sourceTree = "<group>"; };
		3BF6A9EC2D9931D9008BCDE0 /* Preview Assets.xcassets */ = {isa = PBXFileReference; lastKnownFileType = folder.assetcatalog; path = "Preview Assets.xcassets"; sourceTree = "<group>"; };
		3BF6A9EE2D9931D9008BCDE0 /* Info.plist */ = {isa = PBXFileReference; lastKnownFileType = text.plist.xml; path = Info.plist; sourceTree = "<group>"; };
		3BF6A9F12D9931D9008BCDE0 /* Assets.xcassets */ = {isa = PBXFileReference; lastKnownFileType = folder.assetcatalog; path = Assets.xcassets; sourceTree = "<group>"; };
		3BF6A9FA2D9931D9008BCDE0 /* AddRewardView.swift */ = {isa = PBXFileReference; lastKnownFileType = sourcecode.swift; path = AddRewardView.swift; sourceTree = "<group>"; };
		3BF6A9FB2D9931D9008BCDE0 /* ContentView.swift */ = {isa = PBXFileReference; lastKnownFileType = sourcecode.swift; path = ContentView.swift; sourceTree = "<group>"; };
		3BF6A9FC2D9931D9008BCDE0 /* DebugToolView.swift */ = {isa = PBXFileReference; lastKnownFileType = sourcecode.swift; path = DebugToolView.swift; sourceTree = "<group>"; };
		3BF6A9FD2D9931D9008BCDE0 /* MainTodoView.swift */ = {isa = PBXFileReference; lastKnownFileType = sourcecode.swift; path = MainTodoView.swift; sourceTree = "<group>"; };
		3BF6A9FE2D9931D9008BCDE0 /* RewardListView.swift */ = {isa = PBXFileReference; lastKnownFileType = sourcecode.swift; path = RewardListView.swift; sourceTree = "<group>"; };
		3BF6AA002D9931D9008BCDE0 /* WORKLOG.md */ = {isa = PBXFileReference; lastKnownFileType = net.daringfireball.markdown; path = WORKLOG.md; sourceTree = "<group>"; };
		3BF6AA012D9931D9008BCDE0 /* DataModel.xcdatamodel */ = {isa = PBXFileReference; lastKnownFileType = wrapper.xcdatamodel; path = DataModel.xcdatamodel; sourceTree = "<group>"; };
		3BF6AA1E2D9933FB008BCDE0 /* JjingToDo.entitlements */ = {isa = PBXFileReference; lastKnownFileType = text.plist.entitlements; path = JjingToDo.entitlements; sourceTree = "<group>"; };
		3BF6AA1F2D993634008BCDE0 /* Preview.swift */ = {isa = PBXFileReference; lastKnownFileType = sourcecode.swift; path = Preview.swift; sourceTree = "<group>"; };
/* End PBXFileReference section */

/* Begin PBXFileSystemSynchronizedRootGroup section */
		3B160FCD2D993826003F525D /* JjingToDoNotification */ = {
			isa = PBXFileSystemSynchronizedRootGroup;
			path = JjingToDoNotification;
			sourceTree = "<group>";
		};
		3BBD78942D993A9700FC39E3 /* JjingToDoUITests */ = {
			isa = PBXFileSystemSynchronizedRootGroup;
			path = JjingToDoUITests;
			sourceTree = "<group>";
		};
/* End PBXFileSystemSynchronizedRootGroup section */

/* Begin PBXFrameworksBuildPhase section */
		3BBD78902D993A9700FC39E3 /* Frameworks */ = {
			isa = PBXFrameworksBuildPhase;
			buildActionMask = 2147483647;
			files = (
			);
			runOnlyForDeploymentPostprocessing = 0;
		};
		3BD1D9A32D91513C00F25096 /* Frameworks */ = {
			isa = PBXFrameworksBuildPhase;
			buildActionMask = 2147483647;
			files = (
			);
			runOnlyForDeploymentPostprocessing = 0;
		};
/* End PBXFrameworksBuildPhase section */

/* Begin PBXGroup section */
		3B160FC82D993826003F525D /* Frameworks */ = {
			isa = PBXGroup;
			children = (
				3B160FC92D993826003F525D /* UserNotifications.framework */,
				3B160FCB2D993826003F525D /* UserNotificationsUI.framework */,
			);
			name = Frameworks;
			sourceTree = "<group>";
		};
		3BA816A52D92CE2D007F8CE3 /* Products */ = {
			isa = PBXGroup;
			name = Products;
			sourceTree = "<group>";
		};
		3BD1D99D2D91513C00F25096 = {
			isa = PBXGroup;
			children = (
				3BF6AA1E2D9933FB008BCDE0 /* JjingToDo.entitlements */,
				3BF6A9D82D9931D9008BCDE0 /* App */,
				3BF6A9E12D9931D9008BCDE0 /* Archived */,
				3BF6A9E32D9931D9008BCDE0 /* Extensions */,
				3BF6A9E52D9931D9008BCDE0 /* Managers */,
				3BF6A9EB2D9931D9008BCDE0 /* Models */,
				3BF6A9ED2D9931D9008BCDE0 /* Preview Content */,
				3BF6A9F32D9931D9008BCDE0 /* Resources */,
				3BF6A9F92D9931D9008BCDE0 /* ViewModels */,
				3BF6A9FF2D9931D9008BCDE0 /* Views */,
				3BF6AA002D9931D9008BCDE0 /* WORKLOG.md */,
				3BF6A96C2D992B44008BCDE0 /* refactor_project_structure.sh */,
				3B0B58572D918821003DA611 /* JjingToDo.xcodeproj */,
				3B160FCD2D993826003F525D /* JjingToDoNotification */,
				3BBD78942D993A9700FC39E3 /* JjingToDoUITests */,
				3B160FC82D993826003F525D /* Frameworks */,
				3BD1D9A72D91513C00F25096 /* Products */,
			);
			sourceTree = "<group>";
		};
		3BD1D9A72D91513C00F25096 /* Products */ = {
			isa = PBXGroup;
			children = (
				3BD1D9A62D91513C00F25096 /* JjingToDo.app */,
				3BBD78932D993A9700FC39E3 /* JjingToDoUITests.xctest */,
			);
			name = Products;
			sourceTree = "<group>";
		};
		3BF6A9D82D9931D9008BCDE0 /* App */ = {
			isa = PBXGroup;
			children = (
				3B6CEE542D9C2728002E9672 /* AppDelegate.swift */,
				3BF6A9D72D9931D9008BCDE0 /* JjingToDoApp.swift */,
			);
			path = App;
			sourceTree = "<group>";
		};
		3BF6A9E12D9931D9008BCDE0 /* Archived */ = {
			isa = PBXGroup;
			children = (
				3BF6A9DD2D9931D9008BCDE0 /* RedemptionEntity+CoreDataClass.swift */,
				3BF6A9DE2D9931D9008BCDE0 /* RedemptionEntity+CoreDataProperties.swift */,
				3BF6A9DF2D9931D9008BCDE0 /* RedemptionEntity+Extensions.swift */,
				3BF6A9E02D9931D9008BCDE0 /* RedemptionHistoryView.swift */,
			);
			path = Archived;
			sourceTree = "<group>";
		};
		3BF6A9E32D9931D9008BCDE0 /* Extensions */ = {
			isa = PBXGroup;
			children = (
				3BF6A9E22D9931D9008BCDE0 /* TaskEntity+Extensions.swift */,
			);
			path = Extensions;
			sourceTree = "<group>";
		};
		3BF6A9E52D9931D9008BCDE0 /* Managers */ = {
			isa = PBXGroup;
			children = (
				3B5C5DAB2DB67C220017B597 /* ChugumiManager.swift */,
				3BD27DF22DB543C60077BE02 /* TodayQueueManager.swift */,
				3B3E70DD2D9C05E400A18A90 /* CSVManager.swift */,
				3BF6A9E42D9931D9008BCDE0 /* Persistence.swift */,
			);
			path = Managers;
			sourceTree = "<group>";
		};
		3BF6A9EB2D9931D9008BCDE0 /* Models */ = {
			isa = PBXGroup;
			children = (
				3BF6A9E62D9931D9008BCDE0 /* Model.swift */,
				3BF6A9E72D9931D9008BCDE0 /* TaskEntity+CoreDataClass.swift */,
				3BF6A9E82D9931D9008BCDE0 /* TaskEntity+CoreDataProperties.swift */,
				3BF6A9E92D9931D9008BCDE0 /* UserEntity+CoreDataClass.swift */,
				3BF6A9EA2D9931D9008BCDE0 /* UserEntity+CoreDataProperties.swift */,
				3B5C5DAD2DB67C540017B597 /* ChugumiActionEntity+CoreDataClass.swift */,
				3B5C5DAE2DB67C540017B597 /* ChugumiActionEntity+CoreDataProperties.swift */,
				3BD27DEE2DB52A730077BE02 /* TaskEntity+CoreDataProperties.swift */,
			);
			path = Models;
			sourceTree = "<group>";
		};
		3BF6A9ED2D9931D9008BCDE0 /* Preview Content */ = {
			isa = PBXGroup;
			children = (
				3BF6AA1F2D993634008BCDE0 /* Preview.swift */,
				3BF6A9EC2D9931D9008BCDE0 /* Preview Assets.xcassets */,
			);
			path = "Preview Content";
			sourceTree = "<group>";
		};
		3BF6A9F02D9931D9008BCDE0 /* Config */ = {
			isa = PBXGroup;
			children = (
				3BF6A9EE2D9931D9008BCDE0 /* Info.plist */,
			);
			path = Config;
			sourceTree = "<group>";
		};
		3BF6A9F32D9931D9008BCDE0 /* Resources */ = {
			isa = PBXGroup;
			children = (
				3BF6A9F02D9931D9008BCDE0 /* Config */,
				3BF6A9F12D9931D9008BCDE0 /* Assets.xcassets */,
				3BF6A9F22D9931D9008BCDE0 /* DataModel.xcdatamodeld */,
				3BF6A9D92D9931D9008BCDE0 /* appstore.png */,
				3BF6A9DB2D9931D9008BCDE0 /* playstore.png */,
				3BD27DEC2DB529770077BE02 /* MappingModel.xcmappingmodel */,
			);
			path = Resources;
			sourceTree = "<group>";
		};
		3BF6A9F92D9931D9008BCDE0 /* ViewModels */ = {
			isa = PBXGroup;
			children = (
			);
			path = ViewModels;
			sourceTree = "<group>";
		};
		3BF6A9FF2D9931D9008BCDE0 /* Views */ = {
			isa = PBXGroup;
			children = (
				3B5C5DB32DB686B10017B597 /* ChugumiBunnyButton.swift */,
				3B5C5DB12DB67DBB0017B597 /* ChallengeTabView.swift */,
				3BD27DF02DB52B160077BE02 /* MainTodoView+Today.swift */,
				3BF6A9FA2D9931D9008BCDE0 /* AddRewardView.swift */,
				3BF6A9FB2D9931D9008BCDE0 /* ContentView.swift */,
				3BF6A9FC2D9931D9008BCDE0 /* DebugToolView.swift */,
				3BF6A9FD2D9931D9008BCDE0 /* MainTodoView.swift */,
				3BF6A9FE2D9931D9008BCDE0 /* RewardListView.swift */,
			);
			path = Views;
			sourceTree = "<group>";
		};
/* End PBXGroup section */

/* Begin PBXNativeTarget section */
		3BBD78922D993A9700FC39E3 /* JjingToDoUITests */ = {
			isa = PBXNativeTarget;
			buildConfigurationList = 3BBD789D2D993A9700FC39E3 /* Build configuration list for PBXNativeTarget "JjingToDoUITests" */;
			buildPhases = (
				3BBD788F2D993A9700FC39E3 /* Sources */,
				3BBD78902D993A9700FC39E3 /* Frameworks */,
				3BBD78912D993A9700FC39E3 /* Resources */,
			);
			buildRules = (
			);
			dependencies = (
				3BBD789A2D993A9700FC39E3 /* PBXTargetDependency */,
			);
			fileSystemSynchronizedGroups = (
				3BBD78942D993A9700FC39E3 /* JjingToDoUITests */,
			);
			name = JjingToDoUITests;
			packageProductDependencies = (
			);
			productName = JjingToDoUITests;
			productReference = 3BBD78932D993A9700FC39E3 /* JjingToDoUITests.xctest */;
			productType = "com.apple.product-type.bundle.ui-testing";
		};
		3BD1D9A52D91513C00F25096 /* JjingToDo */ = {
			isa = PBXNativeTarget;
			buildConfigurationList = 3BD1D9CB2D91514500F25096 /* Build configuration list for PBXNativeTarget "JjingToDo" */;
			buildPhases = (
				3BD1D9A22D91513C00F25096 /* Sources */,
				3BD1D9A32D91513C00F25096 /* Frameworks */,
				3BD1D9A42D91513C00F25096 /* Resources */,
				3B160FD72D993826003F525D /* Embed Foundation Extensions */,
			);
			buildRules = (
			);
			dependencies = (
			);
			name = JjingToDo;
			packageProductDependencies = (
			);
			productName = HelloSwiftUI;
			productReference = 3BD1D9A62D91513C00F25096 /* JjingToDo.app */;
			productType = "com.apple.product-type.application";
		};
/* End PBXNativeTarget section */

/* Begin PBXProject section */
		3BD1D99E2D91513C00F25096 /* Project object */ = {
			isa = PBXProject;
			attributes = {
				BuildIndependentTargetsInParallel = 1;
				LastSwiftUpdateCheck = 1620;
				LastUpgradeCheck = 1620;
				TargetAttributes = {
					3BBD78922D993A9700FC39E3 = {
						CreatedOnToolsVersion = 16.2;
						TestTargetID = 3BD1D9A52D91513C00F25096;
					};
					3BD1D9A52D91513C00F25096 = {
						CreatedOnToolsVersion = 16.2;
					};
				};
			};
			buildConfigurationList = 3BD1D9A12D91513C00F25096 /* Build configuration list for PBXProject "JjingToDo" */;
			developmentRegion = en;
			hasScannedForEncodings = 0;
			knownRegions = (
				en,
				Base,
			);
			mainGroup = 3BD1D99D2D91513C00F25096;
			minimizedProjectReferenceProxies = 1;
			preferredProjectObjectVersion = 77;
			productRefGroup = 3BD1D9A72D91513C00F25096 /* Products */;
			projectDirPath = "";
			projectReferences = (
				{
					ProductGroup = 3BA816A52D92CE2D007F8CE3 /* Products */;
					ProjectRef = 3B0B58572D918821003DA611 /* JjingToDo.xcodeproj */;
				},
			);
			projectRoot = "";
			targets = (
				3BD1D9A52D91513C00F25096 /* JjingToDo */,
				3BBD78922D993A9700FC39E3 /* JjingToDoUITests */,
			);
		};
/* End PBXProject section */

/* Begin PBXResourcesBuildPhase section */
		3BBD78912D993A9700FC39E3 /* Resources */ = {
			isa = PBXResourcesBuildPhase;
			buildActionMask = 2147483647;
			files = (
			);
			runOnlyForDeploymentPostprocessing = 0;
		};
		3BD1D9A42D91513C00F25096 /* Resources */ = {
			isa = PBXResourcesBuildPhase;
			buildActionMask = 2147483647;
			files = (
				3BF6AA172D9931D9008BCDE0 /* WORKLOG.md in Resources */,
				3BF6AA182D9931D9008BCDE0 /* Assets.xcassets in Resources */,
				3BF6AA192D9931D9008BCDE0 /* playstore.png in Resources */,
				3BF6AA1A2D9931D9008BCDE0 /* appstore.png in Resources */,
				3BF6AA1B2D9931D9008BCDE0 /* Preview Assets.xcassets in Resources */,
				3BF6A96D2D992B4D008BCDE0 /* refactor_project_structure.sh in Resources */,
			);
			runOnlyForDeploymentPostprocessing = 0;
		};
/* End PBXResourcesBuildPhase section */

/* Begin PBXSourcesBuildPhase section */
		3BBD788F2D993A9700FC39E3 /* Sources */ = {
			isa = PBXSourcesBuildPhase;
			buildActionMask = 2147483647;
			files = (
			);
			runOnlyForDeploymentPostprocessing = 0;
		};
		3BD1D9A22D91513C00F25096 /* Sources */ = {
			isa = PBXSourcesBuildPhase;
			buildActionMask = 2147483647;
			files = (
				3BF6AA022D9931D9008BCDE0 /* RedemptionEntity+CoreDataProperties.swift in Sources */,
				3B5C5DB42DB686B30017B597 /* ChugumiBunnyButton.swift in Sources */,
				3BD27DEF2DB52A730077BE02 /* TaskEntity+CoreDataProperties.swift in Sources */,
				3BF6AA032D9931D9008BCDE0 /* Model.swift in Sources */,
				3B3E70DE2D9C05E900A18A90 /* CSVManager.swift in Sources */,
				3BF6AA202D993638008BCDE0 /* Preview.swift in Sources */,
				3BF6AA042D9931D9008BCDE0 /* JjingToDoApp.swift in Sources */,
				3B5C5DAC2DB67C240017B597 /* ChugumiManager.swift in Sources */,
				3BF6AA052D9931D9008BCDE0 /* UserEntity+CoreDataProperties.swift in Sources */,
				3B5C5DAF2DB67C540017B597 /* ChugumiActionEntity+CoreDataClass.swift in Sources */,
				3B5C5DB02DB67C540017B597 /* ChugumiActionEntity+CoreDataProperties.swift in Sources */,
				3BF6AA062D9931D9008BCDE0 /* RewardListView.swift in Sources */,
				3BF6AA072D9931D9008BCDE0 /* UserEntity+CoreDataClass.swift in Sources */,
				3BF6AA082D9931D9008BCDE0 /* RedemptionEntity+Extensions.swift in Sources */,
				3BD27DF32DB543CD0077BE02 /* TodayQueueManager.swift in Sources */,
				3BF6AA092D9931D9008BCDE0 /* DebugToolView.swift in Sources */,
				3BF6AA0A2D9931D9008BCDE0 /* TaskEntity+CoreDataClass.swift in Sources */,
				3BF6AA0B2D9931D9008BCDE0 /* AddRewardView.swift in Sources */,
				3BF6AA0E2D9931D9008BCDE0 /* MainTodoView.swift in Sources */,
				3BD27DF12DB52B180077BE02 /* MainTodoView+Today.swift in Sources */,
				3BF6AA0F2D9931D9008BCDE0 /* Persistence.swift in Sources */,
				3BF6AA102D9931D9008BCDE0 /* TaskEntity+Extensions.swift in Sources */,
				3BF6AA112D9931D9008BCDE0 /* TaskEntity+CoreDataProperties.swift in Sources */,
				3BD27DED2DB529770077BE02 /* MappingModel.xcmappingmodel in Sources */,
				3BF6AA122D9931D9008BCDE0 /* DataModel.xcdatamodeld in Sources */,
				3B5C5DB22DB67DBC0017B597 /* ChallengeTabView.swift in Sources */,
				3BF6AA132D9931D9008BCDE0 /* RedemptionHistoryView.swift in Sources */,
				3B6CEE552D9C272D002E9672 /* AppDelegate.swift in Sources */,
				3BF6AA152D9931D9008BCDE0 /* RedemptionEntity+CoreDataClass.swift in Sources */,
				3BF6AA162D9931D9008BCDE0 /* ContentView.swift in Sources */,
			);
			runOnlyForDeploymentPostprocessing = 0;
		};
/* End PBXSourcesBuildPhase section */

/* Begin PBXTargetDependency section */
		3BBD789A2D993A9700FC39E3 /* PBXTargetDependency */ = {
			isa = PBXTargetDependency;
			target = 3BD1D9A52D91513C00F25096 /* JjingToDo */;
			targetProxy = 3BBD78992D993A9700FC39E3 /* PBXContainerItemProxy */;
		};
/* End PBXTargetDependency section */

/* Begin XCBuildConfiguration section */
		3BBD789B2D993A9700FC39E3 /* Debug */ = {
			isa = XCBuildConfiguration;
			buildSettings = {
				CODE_SIGN_STYLE = Automatic;
				CURRENT_PROJECT_VERSION = 1;
				DEVELOPMENT_TEAM = V83CQR357P;
				GENERATE_INFOPLIST_FILE = YES;
				IPHONEOS_DEPLOYMENT_TARGET = 18.2;
				MARKETING_VERSION = 1.0;
				PRODUCT_BUNDLE_IDENTIFIER = com.Fondue.JjingToDoUITests;
				PRODUCT_NAME = "$(TARGET_NAME)";
				SDKROOT = iphoneos;
				SWIFT_EMIT_LOC_STRINGS = NO;
				SWIFT_VERSION = 5.0;
				TARGETED_DEVICE_FAMILY = "1,2";
				TEST_TARGET_NAME = JjingToDo;
			};
			name = Debug;
		};
		3BBD789C2D993A9700FC39E3 /* Release */ = {
			isa = XCBuildConfiguration;
			buildSettings = {
				CODE_SIGN_STYLE = Automatic;
				CURRENT_PROJECT_VERSION = 1;
				DEVELOPMENT_TEAM = V83CQR357P;
				GENERATE_INFOPLIST_FILE = YES;
				IPHONEOS_DEPLOYMENT_TARGET = 18.2;
				MARKETING_VERSION = 1.0;
				PRODUCT_BUNDLE_IDENTIFIER = com.Fondue.JjingToDoUITests;
				PRODUCT_NAME = "$(TARGET_NAME)";
				SDKROOT = iphoneos;
				SWIFT_EMIT_LOC_STRINGS = NO;
				SWIFT_VERSION = 5.0;
				TARGETED_DEVICE_FAMILY = "1,2";
				TEST_TARGET_NAME = JjingToDo;
				VALIDATE_PRODUCT = YES;
			};
			name = Release;
		};
		3BD1D9C92D91514500F25096 /* Debug */ = {
			isa = XCBuildConfiguration;
			buildSettings = {
				ALWAYS_SEARCH_USER_PATHS = NO;
				ASSETCATALOG_COMPILER_GENERATE_SWIFT_ASSET_SYMBOL_EXTENSIONS = YES;
				CLANG_ANALYZER_NONNULL = YES;
				CLANG_ANALYZER_NUMBER_OBJECT_CONVERSION = YES_AGGRESSIVE;
				CLANG_CXX_LANGUAGE_STANDARD = "gnu++20";
				CLANG_ENABLE_MODULES = YES;
				CLANG_ENABLE_OBJC_ARC = YES;
				CLANG_ENABLE_OBJC_WEAK = YES;
				CLANG_WARN_BLOCK_CAPTURE_AUTORELEASING = YES;
				CLANG_WARN_BOOL_CONVERSION = YES;
				CLANG_WARN_COMMA = YES;
				CLANG_WARN_CONSTANT_CONVERSION = YES;
				CLANG_WARN_DEPRECATED_OBJC_IMPLEMENTATIONS = YES;
				CLANG_WARN_DIRECT_OBJC_ISA_USAGE = YES_ERROR;
				CLANG_WARN_DOCUMENTATION_COMMENTS = YES;
				CLANG_WARN_EMPTY_BODY = YES;
				CLANG_WARN_ENUM_CONVERSION = YES;
				CLANG_WARN_INFINITE_RECURSION = YES;
				CLANG_WARN_INT_CONVERSION = YES;
				CLANG_WARN_NON_LITERAL_NULL_CONVERSION = YES;
				CLANG_WARN_OBJC_IMPLICIT_RETAIN_SELF = YES;
				CLANG_WARN_OBJC_LITERAL_CONVERSION = YES;
				CLANG_WARN_OBJC_ROOT_CLASS = YES_ERROR;
				CLANG_WARN_QUOTED_INCLUDE_IN_FRAMEWORK_HEADER = YES;
				CLANG_WARN_RANGE_LOOP_ANALYSIS = YES;
				CLANG_WARN_STRICT_PROTOTYPES = YES;
				CLANG_WARN_SUSPICIOUS_MOVE = YES;
				CLANG_WARN_UNGUARDED_AVAILABILITY = YES_AGGRESSIVE;
				CLANG_WARN_UNREACHABLE_CODE = YES;
				CLANG_WARN__DUPLICATE_METHOD_MATCH = YES;
				COPY_PHASE_STRIP = NO;
				DEBUG_INFORMATION_FORMAT = dwarf;
				ENABLE_STRICT_OBJC_MSGSEND = YES;
				ENABLE_TESTABILITY = YES;
				ENABLE_USER_SCRIPT_SANDBOXING = YES;
				GCC_C_LANGUAGE_STANDARD = gnu17;
				GCC_DYNAMIC_NO_PIC = NO;
				GCC_NO_COMMON_BLOCKS = YES;
				GCC_OPTIMIZATION_LEVEL = 0;
				GCC_PREPROCESSOR_DEFINITIONS = (
					"DEBUG=1",
					"$(inherited)",
				);
				GCC_WARN_64_TO_32_BIT_CONVERSION = YES;
				GCC_WARN_ABOUT_RETURN_TYPE = YES_ERROR;
				GCC_WARN_UNDECLARED_SELECTOR = YES;
				GCC_WARN_UNINITIALIZED_AUTOS = YES_AGGRESSIVE;
				GCC_WARN_UNUSED_FUNCTION = YES;
				GCC_WARN_UNUSED_VARIABLE = YES;
				LOCALIZATION_PREFERS_STRING_CATALOGS = YES;
				MTL_ENABLE_DEBUG_INFO = INCLUDE_SOURCE;
				MTL_FAST_MATH = YES;
				ONLY_ACTIVE_ARCH = YES;
				SWIFT_ACTIVE_COMPILATION_CONDITIONS = "DEBUG $(inherited)";
				SWIFT_OPTIMIZATION_LEVEL = "-Onone";
			};
			name = Debug;
		};
		3BD1D9CA2D91514500F25096 /* Release */ = {
			isa = XCBuildConfiguration;
			buildSettings = {
				ALWAYS_SEARCH_USER_PATHS = NO;
				ASSETCATALOG_COMPILER_GENERATE_SWIFT_ASSET_SYMBOL_EXTENSIONS = YES;
				CLANG_ANALYZER_NONNULL = YES;
				CLANG_ANALYZER_NUMBER_OBJECT_CONVERSION = YES_AGGRESSIVE;
				CLANG_CXX_LANGUAGE_STANDARD = "gnu++20";
				CLANG_ENABLE_MODULES = YES;
				CLANG_ENABLE_OBJC_ARC = YES;
				CLANG_ENABLE_OBJC_WEAK = YES;
				CLANG_WARN_BLOCK_CAPTURE_AUTORELEASING = YES;
				CLANG_WARN_BOOL_CONVERSION = YES;
				CLANG_WARN_COMMA = YES;
				CLANG_WARN_CONSTANT_CONVERSION = YES;
				CLANG_WARN_DEPRECATED_OBJC_IMPLEMENTATIONS = YES;
				CLANG_WARN_DIRECT_OBJC_ISA_USAGE = YES_ERROR;
				CLANG_WARN_DOCUMENTATION_COMMENTS = YES;
				CLANG_WARN_EMPTY_BODY = YES;
				CLANG_WARN_ENUM_CONVERSION = YES;
				CLANG_WARN_INFINITE_RECURSION = YES;
				CLANG_WARN_INT_CONVERSION = YES;
				CLANG_WARN_NON_LITERAL_NULL_CONVERSION = YES;
				CLANG_WARN_OBJC_IMPLICIT_RETAIN_SELF = YES;
				CLANG_WARN_OBJC_LITERAL_CONVERSION = YES;
				CLANG_WARN_OBJC_ROOT_CLASS = YES_ERROR;
				CLANG_WARN_QUOTED_INCLUDE_IN_FRAMEWORK_HEADER = YES;
				CLANG_WARN_RANGE_LOOP_ANALYSIS = YES;
				CLANG_WARN_STRICT_PROTOTYPES = YES;
				CLANG_WARN_SUSPICIOUS_MOVE = YES;
				CLANG_WARN_UNGUARDED_AVAILABILITY = YES_AGGRESSIVE;
				CLANG_WARN_UNREACHABLE_CODE = YES;
				CLANG_WARN__DUPLICATE_METHOD_MATCH = YES;
				COPY_PHASE_STRIP = NO;
				DEBUG_INFORMATION_FORMAT = "dwarf-with-dsym";
				ENABLE_NS_ASSERTIONS = NO;
				ENABLE_STRICT_OBJC_MSGSEND = YES;
				ENABLE_USER_SCRIPT_SANDBOXING = YES;
				GCC_C_LANGUAGE_STANDARD = gnu17;
				GCC_NO_COMMON_BLOCKS = YES;
				GCC_WARN_64_TO_32_BIT_CONVERSION = YES;
				GCC_WARN_ABOUT_RETURN_TYPE = YES_ERROR;
				GCC_WARN_UNDECLARED_SELECTOR = YES;
				GCC_WARN_UNINITIALIZED_AUTOS = YES_AGGRESSIVE;
				GCC_WARN_UNUSED_FUNCTION = YES;
				GCC_WARN_UNUSED_VARIABLE = YES;
				LOCALIZATION_PREFERS_STRING_CATALOGS = YES;
				MTL_ENABLE_DEBUG_INFO = NO;
				MTL_FAST_MATH = YES;
				SWIFT_COMPILATION_MODE = wholemodule;
			};
			name = Release;
		};
		3BD1D9CC2D91514500F25096 /* Debug */ = {
			isa = XCBuildConfiguration;
			buildSettings = {
				ASSETCATALOG_COMPILER_APPICON_NAME = AppIcon;
				ASSETCATALOG_COMPILER_GLOBAL_ACCENT_COLOR_NAME = AccentColor;
				ASSETCATALOG_COMPILER_INCLUDE_ALL_APPICON_ASSETS = YES;
				CODE_SIGN_ENTITLEMENTS = JjingToDo.entitlements;
				CODE_SIGN_STYLE = Automatic;
				CURRENT_PROJECT_VERSION = 20250422;
				DEVELOPMENT_TEAM = V83CQR357P;
				ENABLE_HARDENED_RUNTIME = NO;
				ENABLE_PREVIEWS = YES;
				GENERATE_INFOPLIST_FILE = YES;
				INFOPLIST_FILE = Resources/Config/Info.plist;
				INFOPLIST_KEY_LSApplicationCategoryType = "public.app-category.productivity";
				INFOPLIST_KEY_LSSupportsOpeningDocumentsInPlace = YES;
				INFOPLIST_KEY_UIApplicationSceneManifest_Generation = YES;
				"INFOPLIST_KEY_UIApplicationSceneManifest_Generation[sdk=iphoneos*]" = YES;
				"INFOPLIST_KEY_UIApplicationSceneManifest_Generation[sdk=iphonesimulator*]" = YES;
				INFOPLIST_KEY_UIApplicationSupportsIndirectInputEvents = YES;
				"INFOPLIST_KEY_UIApplicationSupportsIndirectInputEvents[sdk=iphoneos*]" = YES;
				"INFOPLIST_KEY_UIApplicationSupportsIndirectInputEvents[sdk=iphonesimulator*]" = YES;
				INFOPLIST_KEY_UILaunchScreen_Generation = YES;
				"INFOPLIST_KEY_UILaunchScreen_Generation[sdk=iphoneos*]" = YES;
				"INFOPLIST_KEY_UILaunchScreen_Generation[sdk=iphonesimulator*]" = YES;
				INFOPLIST_KEY_UIStatusBarStyle = UIStatusBarStyleDefault;
				"INFOPLIST_KEY_UIStatusBarStyle[sdk=iphoneos*]" = UIStatusBarStyleDefault;
				"INFOPLIST_KEY_UIStatusBarStyle[sdk=iphonesimulator*]" = UIStatusBarStyleDefault;
				INFOPLIST_KEY_UISupportedInterfaceOrientations_iPad = "UIInterfaceOrientationPortrait UIInterfaceOrientationPortraitUpsideDown UIInterfaceOrientationLandscapeLeft UIInterfaceOrientationLandscapeRight";
				INFOPLIST_KEY_UISupportedInterfaceOrientations_iPhone = "UIInterfaceOrientationPortrait UIInterfaceOrientationLandscapeLeft UIInterfaceOrientationLandscapeRight";
				IPHONEOS_DEPLOYMENT_TARGET = 16.6;
				LD_RUNPATH_SEARCH_PATHS = "@executable_path/Frameworks";
				"LD_RUNPATH_SEARCH_PATHS[sdk=macosx*]" = "@executable_path/../Frameworks";
				MACOSX_DEPLOYMENT_TARGET = 15.2;
				MARKETING_VERSION = 1.5.0;
				PRODUCT_BUNDLE_IDENTIFIER = com.fondue.JjingToDo;
				PRODUCT_NAME = "$(TARGET_NAME)";
				SDKROOT = iphoneos;
				SUPPORTED_PLATFORMS = "iphoneos iphonesimulator";
				SUPPORTS_MACCATALYST = NO;
				SUPPORTS_XR_DESIGNED_FOR_IPHONE_IPAD = NO;
				SWIFT_EMIT_LOC_STRINGS = YES;
				SWIFT_VERSION = 5.0;
				TARGETED_DEVICE_FAMILY = "1,2,6";
				XROS_DEPLOYMENT_TARGET = 2.2;
			};
			name = Debug;
		};
		3BD1D9CD2D91514500F25096 /* Release */ = {
			isa = XCBuildConfiguration;
			buildSettings = {
				ASSETCATALOG_COMPILER_APPICON_NAME = AppIcon;
				ASSETCATALOG_COMPILER_GLOBAL_ACCENT_COLOR_NAME = AccentColor;
				ASSETCATALOG_COMPILER_INCLUDE_ALL_APPICON_ASSETS = YES;
				CODE_SIGN_ENTITLEMENTS = JjingToDo.entitlements;
				CODE_SIGN_STYLE = Automatic;
				CURRENT_PROJECT_VERSION = 20250422;
				DEVELOPMENT_ASSET_PATHS = "";
				DEVELOPMENT_TEAM = V83CQR357P;
				ENABLE_HARDENED_RUNTIME = NO;
				ENABLE_PREVIEWS = YES;
				GENERATE_INFOPLIST_FILE = YES;
				INFOPLIST_FILE = Resources/Config/Info.plist;
				INFOPLIST_KEY_LSApplicationCategoryType = "public.app-category.productivity";
				INFOPLIST_KEY_LSSupportsOpeningDocumentsInPlace = YES;
				INFOPLIST_KEY_UIApplicationSceneManifest_Generation = YES;
				"INFOPLIST_KEY_UIApplicationSceneManifest_Generation[sdk=iphoneos*]" = YES;
				"INFOPLIST_KEY_UIApplicationSceneManifest_Generation[sdk=iphonesimulator*]" = YES;
				INFOPLIST_KEY_UIApplicationSupportsIndirectInputEvents = YES;
				"INFOPLIST_KEY_UIApplicationSupportsIndirectInputEvents[sdk=iphoneos*]" = YES;
				"INFOPLIST_KEY_UIApplicationSupportsIndirectInputEvents[sdk=iphonesimulator*]" = YES;
				INFOPLIST_KEY_UILaunchScreen_Generation = YES;
				"INFOPLIST_KEY_UILaunchScreen_Generation[sdk=iphoneos*]" = YES;
				"INFOPLIST_KEY_UILaunchScreen_Generation[sdk=iphonesimulator*]" = YES;
				INFOPLIST_KEY_UIStatusBarStyle = UIStatusBarStyleDefault;
				"INFOPLIST_KEY_UIStatusBarStyle[sdk=iphoneos*]" = UIStatusBarStyleDefault;
				"INFOPLIST_KEY_UIStatusBarStyle[sdk=iphonesimulator*]" = UIStatusBarStyleDefault;
				INFOPLIST_KEY_UISupportedInterfaceOrientations_iPad = "UIInterfaceOrientationPortrait UIInterfaceOrientationPortraitUpsideDown UIInterfaceOrientationLandscapeLeft UIInterfaceOrientationLandscapeRight";
				INFOPLIST_KEY_UISupportedInterfaceOrientations_iPhone = "UIInterfaceOrientationPortrait UIInterfaceOrientationLandscapeLeft UIInterfaceOrientationLandscapeRight";
				IPHONEOS_DEPLOYMENT_TARGET = 16.6;
				LD_RUNPATH_SEARCH_PATHS = "@executable_path/Frameworks";
				"LD_RUNPATH_SEARCH_PATHS[sdk=macosx*]" = "@executable_path/../Frameworks";
				MACOSX_DEPLOYMENT_TARGET = 15.2;
				MARKETING_VERSION = 1.5.0;
				PRODUCT_BUNDLE_IDENTIFIER = com.Fondue.JjingToDo;
				PRODUCT_NAME = "$(TARGET_NAME)";
				SDKROOT = iphoneos;
				SUPPORTED_PLATFORMS = "iphoneos iphonesimulator";
				SUPPORTS_MACCATALYST = NO;
				SUPPORTS_XR_DESIGNED_FOR_IPHONE_IPAD = NO;
				SWIFT_EMIT_LOC_STRINGS = YES;
				SWIFT_VERSION = 5.0;
				TARGETED_DEVICE_FAMILY = "1,2,6";
				XROS_DEPLOYMENT_TARGET = 2.2;
			};
			name = Release;
		};
/* End XCBuildConfiguration section */

/* Begin XCConfigurationList section */
		3BBD789D2D993A9700FC39E3 /* Build configuration list for PBXNativeTarget "JjingToDoUITests" */ = {
			isa = XCConfigurationList;
			buildConfigurations = (
				3BBD789B2D993A9700FC39E3 /* Debug */,
				3BBD789C2D993A9700FC39E3 /* Release */,
			);
			defaultConfigurationIsVisible = 0;
			defaultConfigurationName = Release;
		};
		3BD1D9A12D91513C00F25096 /* Build configuration list for PBXProject "JjingToDo" */ = {
			isa = XCConfigurationList;
			buildConfigurations = (
				3BD1D9C92D91514500F25096 /* Debug */,
				3BD1D9CA2D91514500F25096 /* Release */,
			);
			defaultConfigurationIsVisible = 0;
			defaultConfigurationName = Release;
		};
		3BD1D9CB2D91514500F25096 /* Build configuration list for PBXNativeTarget "JjingToDo" */ = {
			isa = XCConfigurationList;
			buildConfigurations = (
				3BD1D9CC2D91514500F25096 /* Debug */,
				3BD1D9CD2D91514500F25096 /* Release */,
			);
			defaultConfigurationIsVisible = 0;
			defaultConfigurationName = Release;
		};
/* End XCConfigurationList section */

/* Begin XCVersionGroup section */
		3BF6A9F22D9931D9008BCDE0 /* DataModel.xcdatamodeld */ = {
			isa = XCVersionGroup;
			children = (
				3BD27DE92DB5289C0077BE02 /* DataModel 2.xcdatamodel */,
				3BF6AA012D9931D9008BCDE0 /* DataModel.xcdatamodel */,
			);
			currentVersion = 3BD27DE92DB5289C0077BE02 /* DataModel 2.xcdatamodel */;
			path = DataModel.xcdatamodeld;
			sourceTree = "<group>";
			versionGroupType = wrapper.xcdatamodel;
		};
/* End XCVersionGroup section */
	};
	rootObject = 3BD1D99E2D91513C00F25096 /* Project object */;
}
